
Microsoft Visual Studio Solution File, Format Version 12.00
# Visual Studio 15
VisualStudioVersion = 15.0.28307.1340
MinimumVisualStudioVersion = 10.0.40219.1
Project("{9A19103F-16F7-4668-BE54-9A1E7A4F7556}") = "Kamp", "Kamp\Kamp.csproj", "{5855DC96-6044-4D5E-8B47-0E8404DF2415}"
EndProject
Project("{9A19103F-16F7-4668-BE54-9A1E7A4F7556}") = "Donguler", "Donguler\Donguler.csproj", "{B00B1E77-771D-443F-8025-B22938D0D687}"
EndProject
Project("{9A19103F-16F7-4668-BE54-9A1E7A4F7556}") = "ClassIntro", "ClassIntro\ClassIntro.csproj", "{3B17DFB0-75F6-4958-A2EB-BBF5A666FE00}"
EndProject
Project("{9A19103F-16F7-4668-BE54-9A1E7A4F7556}") = "Metotlar", "Metotlar\Metotlar.csproj", "{E94F6CE0-83A2-4EA0-A673-E1FCF1B303E4}"
EndProject
Project("{9A19103F-16F7-4668-BE54-9A1E7A4F7556}") = "Matematik", "Matematik\Matematik.csproj", "{A704E164-BA65-4A56-B211-87308D93729F}"
EndProject
Project("{9A19103F-16F7-4668-BE54-9A1E7A4F7556}") = "DegerveReferansTipler", "DegerveReferansTipler\DegerveReferansTipler.csproj", "{283F4B3D-896B-48C3-8C76-A507DF97C6B8}"
EndProject
Project("{9A19103F-16F7-4668-BE54-9A1E7A4F7556}") = "Gün3 Ödev1", "Gün3 Ödev1\Gün3 Ödev1.csproj", "{499222CA-60EE-40B8-A158-B997D8F49A71}"
EndProject
Project("{9A19103F-16F7-4668-BE54-9A1E7A4F7556}") = "Gun3Odev2", "Gun3Odev2\Gun3Odev2.csproj", "{6116567D-6D74-4F3D-9612-8836A3919EE6}"
EndProject
Project("{FAE04EC0-301F-11D3-BF4B-00C04F79EFBC}") = "ClassMetotDemo", "ClassMetotDemo\ClassMetotDemo.csproj", "{AF6E46C4-0841-470A-BB60-D83D5ACA9070}"
EndProject
Global
	GlobalSection(SolutionConfigurationPlatforms) = preSolution
		Debug|Any CPU = Debug|Any CPU
		Release|Any CPU = Release|Any CPU
	EndGlobalSection
	GlobalSection(ProjectConfigurationPlatforms) = postSolution
		{5855DC96-6044-4D5E-8B47-0E8404DF2415}.Debug|Any CPU.ActiveCfg = Debug|Any CPU
		{5855DC96-6044-4D5E-8B47-0E8404DF2415}.Debug|Any CPU.Build.0 = Debug|Any CPU
		{5855DC96-6044-4D5E-8B47-0E8404DF2415}.Release|Any CPU.ActiveCfg = Release|Any CPU
		{5855DC96-6044-4D5E-8B47-0E8404DF2415}.Release|Any CPU.Build.0 = Release|Any CPU
		{B00B1E77-771D-443F-8025-B22938D0D687}.Debug|Any CPU.ActiveCfg = Debug|Any CPU
		{B00B1E77-771D-443F-8025-B22938D0D687}.Debug|Any CPU.Build.0 = Debug|Any CPU
		{B00B1E77-771D-443F-8025-B22938D0D687}.Release|Any CPU.ActiveCfg = Release|Any CPU
		{B00B1E77-771D-443F-8025-B22938D0D687}.Release|Any CPU.Build.0 = Release|Any CPU
		{3B17DFB0-75F6-4958-A2EB-BBF5A666FE00}.Debug|Any CPU.ActiveCfg = Debug|Any CPU
		{3B17DFB0-75F6-4958-A2EB-BBF5A666FE00}.Debug|Any CPU.Build.0 = Debug|Any CPU
		{3B17DFB0-75F6-4958-A2EB-BBF5A666FE00}.Release|Any CPU.ActiveCfg = Release|Any CPU
		{3B17DFB0-75F6-4958-A2EB-BBF5A666FE00}.Release|Any CPU.Build.0 = Release|Any CPU
		{E94F6CE0-83A2-4EA0-A673-E1FCF1B303E4}.Debug|Any CPU.ActiveCfg = Debug|Any CPU
		{E94F6CE0-83A2-4EA0-A673-E1FCF1B303E4}.Debug|Any CPU.Build.0 = Debug|Any CPU
		{E94F6CE0-83A2-4EA0-A673-E1FCF1B303E4}.Release|Any CPU.ActiveCfg = Release|Any CPU
		{E94F6CE0-83A2-4EA0-A673-E1FCF1B303E4}.Release|Any CPU.Build.0 = Release|Any CPU
		{A704E164-BA65-4A56-B211-87308D93729F}.Debug|Any CPU.ActiveCfg = Debug|Any CPU
		{A704E164-BA65-4A56-B211-87308D93729F}.Debug|Any CPU.Build.0 = Debug|Any CPU
		{A704E164-BA65-4A56-B211-87308D93729F}.Release|Any CPU.ActiveCfg = Release|Any CPU
		{A704E164-BA65-4A56-B211-87308D93729F}.Release|Any CPU.Build.0 = Release|Any CPU
		{283F4B3D-896B-48C3-8C76-A507DF97C6B8}.Debug|Any CPU.ActiveCfg = Debug|Any CPU
		{283F4B3D-896B-48C3-8C76-A507DF97C6B8}.Debug|Any CPU.Build.0 = Debug|Any CPU
		{283F4B3D-896B-48C3-8C76-A507DF97C6B8}.Release|Any CPU.ActiveCfg = Release|Any CPU
		{283F4B3D-896B-48C3-8C76-A507DF97C6B8}.Release|Any CPU.Build.0 = Release|Any CPU
		{499222CA-60EE-40B8-A158-B997D8F49A71}.Debug|Any CPU.ActiveCfg = Debug|Any CPU
		{499222CA-60EE-40B8-A158-B997D8F49A71}.Debug|Any CPU.Build.0 = Debug|Any CPU
		{499222CA-60EE-40B8-A158-B997D8F49A71}.Release|Any CPU.ActiveCfg = Release|Any CPU
		{499222CA-60EE-40B8-A158-B997D8F49A71}.Release|Any CPU.Build.0 = Release|Any CPU
		{6116567D-6D74-4F3D-9612-8836A3919EE6}.Debug|Any CPU.ActiveCfg = Debug|Any CPU
		{6116567D-6D74-4F3D-9612-8836A3919EE6}.Debug|Any CPU.Build.0 = Debug|Any CPU
		{6116567D-6D74-4F3D-9612-8836A3919EE6}.Release|Any CPU.ActiveCfg = Release|Any CPU
		{6116567D-6D74-4F3D-9612-8836A3919EE6}.Release|Any CPU.Build.0 = Release|Any CPU
		{AF6E46C4-0841-470A-BB60-D83D5ACA9070}.Debug|Any CPU.ActiveCfg = Debug|Any CPU
		{AF6E46C4-0841-470A-BB60-D83D5ACA9070}.Debug|Any CPU.Build.0 = Debug|Any CPU
		{AF6E46C4-0841-470A-BB60-D83D5ACA9070}.Release|Any CPU.ActiveCfg = Release|Any CPU
		{AF6E46C4-0841-470A-BB60-D83D5ACA9070}.Release|Any CPU.Build.0 = Release|Any CPU
	EndGlobalSection
	GlobalSection(SolutionProperties) = preSolution
		HideSolutionNode = FALSE
	EndGlobalSection
	GlobalSection(ExtensibilityGlobals) = postSolution
		SolutionGuid = {56C9804E-A1EF-4FED-904A-BBCF82799981}
	EndGlobalSection
EndGlobal
